// !$*UTF8*$!
{
	archiveVersion = 1;
	classes = {
	};
	objectVersion = 56;
	objects = {

/* Begin PBXBuildFile section */
		18C581002B95F09400D2B5D6 /* CryptoAppApp.swift in Sources */ = {isa = PBXBuildFile; fileRef = 18C580FF2B95F09400D2B5D6 /* CryptoAppApp.swift */; };
		18C581022B95F09400D2B5D6 /* ContentView.swift in Sources */ = {isa = PBXBuildFile; fileRef = 18C581012B95F09400D2B5D6 /* ContentView.swift */; };
		18C581072B95F09700D2B5D6 /* Preview Assets.xcassets in Resources */ = {isa = PBXBuildFile; fileRef = 18C581062B95F09700D2B5D6 /* Preview Assets.xcassets */; };
		18C5810E2B96E95800D2B5D6 /* Assets.xcassets in Resources */ = {isa = PBXBuildFile; fileRef = 18C5810D2B96E95800D2B5D6 /* Assets.xcassets */; };
		18C581112B96F2BC00D2B5D6 /* Color.swift in Sources */ = {isa = PBXBuildFile; fileRef = 18C581102B96F2BC00D2B5D6 /* Color.swift */; };
		18C581172B96F67A00D2B5D6 /* HomeView.swift in Sources */ = {isa = PBXBuildFile; fileRef = 18C581162B96F67A00D2B5D6 /* HomeView.swift */; };
		18C5811B2B96F7E100D2B5D6 /* CircleButtonView.swift in Sources */ = {isa = PBXBuildFile; fileRef = 18C5811A2B96F7E100D2B5D6 /* CircleButtonView.swift */; };
		18C5811D2B96FFE800D2B5D6 /* CircleButtonAnimationView.swift in Sources */ = {isa = PBXBuildFile; fileRef = 18C5811C2B96FFE800D2B5D6 /* CircleButtonAnimationView.swift */; };
		18C581202B98435D00D2B5D6 /* CoinModel.swift in Sources */ = {isa = PBXBuildFile; fileRef = 18C5811F2B98435D00D2B5D6 /* CoinModel.swift */; };
		18C581232B9AF34600D2B5D6 /* CoinRowView.swift in Sources */ = {isa = PBXBuildFile; fileRef = 18C581222B9AF34600D2B5D6 /* CoinRowView.swift */; };
		18C581252B9AF42C00D2B5D6 /* PreviewProvider.swift in Sources */ = {isa = PBXBuildFile; fileRef = 18C581242B9AF42C00D2B5D6 /* PreviewProvider.swift */; };
		18C581272B9B0D0500D2B5D6 /* Double.swift in Sources */ = {isa = PBXBuildFile; fileRef = 18C581262B9B0D0500D2B5D6 /* Double.swift */; };
		18C581292B9B27E900D2B5D6 /* HomeViewModel.swift in Sources */ = {isa = PBXBuildFile; fileRef = 18C581282B9B27E900D2B5D6 /* HomeViewModel.swift */; };
/* End PBXBuildFile section */

/* Begin PBXFileReference section */
		18C580FC2B95F09400D2B5D6 /* CryptoApp.app */ = {isa = PBXFileReference; explicitFileType = wrapper.application; includeInIndex = 0; path = CryptoApp.app; sourceTree = BUILT_PRODUCTS_DIR; };
		18C580FF2B95F09400D2B5D6 /* CryptoAppApp.swift */ = {isa = PBXFileReference; lastKnownFileType = sourcecode.swift; path = CryptoAppApp.swift; sourceTree = "<group>"; };
		18C581012B95F09400D2B5D6 /* ContentView.swift */ = {isa = PBXFileReference; lastKnownFileType = sourcecode.swift; path = ContentView.swift; sourceTree = "<group>"; };
		18C581062B95F09700D2B5D6 /* Preview Assets.xcassets */ = {isa = PBXFileReference; lastKnownFileType = folder.assetcatalog; path = "Preview Assets.xcassets"; sourceTree = "<group>"; };
		18C5810D2B96E95800D2B5D6 /* Assets.xcassets */ = {isa = PBXFileReference; lastKnownFileType = folder.assetcatalog; name = Assets.xcassets; path = ../../../../../Desktop/Resources/Assets.xcassets; sourceTree = "<group>"; };
		18C581102B96F2BC00D2B5D6 /* Color.swift */ = {isa = PBXFileReference; lastKnownFileType = sourcecode.swift; path = Color.swift; sourceTree = "<group>"; };
		18C581162B96F67A00D2B5D6 /* HomeView.swift */ = {isa = PBXFileReference; lastKnownFileType = sourcecode.swift; path = HomeView.swift; sourceTree = "<group>"; };
		18C5811A2B96F7E100D2B5D6 /* CircleButtonView.swift */ = {isa = PBXFileReference; lastKnownFileType = sourcecode.swift; path = CircleButtonView.swift; sourceTree = "<group>"; };
		18C5811C2B96FFE800D2B5D6 /* CircleButtonAnimationView.swift */ = {isa = PBXFileReference; lastKnownFileType = sourcecode.swift; path = CircleButtonAnimationView.swift; sourceTree = "<group>"; };
		18C5811F2B98435D00D2B5D6 /* CoinModel.swift */ = {isa = PBXFileReference; lastKnownFileType = sourcecode.swift; path = CoinModel.swift; sourceTree = "<group>"; };
		18C581222B9AF34600D2B5D6 /* CoinRowView.swift */ = {isa = PBXFileReference; lastKnownFileType = sourcecode.swift; path = CoinRowView.swift; sourceTree = "<group>"; };
		18C581242B9AF42C00D2B5D6 /* PreviewProvider.swift */ = {isa = PBXFileReference; lastKnownFileType = sourcecode.swift; path = PreviewProvider.swift; sourceTree = "<group>"; };
		18C581262B9B0D0500D2B5D6 /* Double.swift */ = {isa = PBXFileReference; lastKnownFileType = sourcecode.swift; path = Double.swift; sourceTree = "<group>"; };
		18C581282B9B27E900D2B5D6 /* HomeViewModel.swift */ = {isa = PBXFileReference; lastKnownFileType = sourcecode.swift; path = HomeViewModel.swift; sourceTree = "<group>"; };
/* End PBXFileReference section */

/* Begin PBXFrameworksBuildPhase section */
		18C580F92B95F09400D2B5D6 /* Frameworks */ = {
			isa = PBXFrameworksBuildPhase;
			buildActionMask = 2147483647;
			files = (
			);
			runOnlyForDeploymentPostprocessing = 0;
		};
/* End PBXFrameworksBuildPhase section */

/* Begin PBXGroup section */
		18C580F32B95F09400D2B5D6 = {
			isa = PBXGroup;
			children = (
				18C580FE2B95F09400D2B5D6 /* CryptoApp */,
				18C580FD2B95F09400D2B5D6 /* Products */,
			);
			sourceTree = "<group>";
		};
		18C580FD2B95F09400D2B5D6 /* Products */ = {
			isa = PBXGroup;
			children = (
				18C580FC2B95F09400D2B5D6 /* CryptoApp.app */,
			);
			name = Products;
			sourceTree = "<group>";
		};
		18C580FE2B95F09400D2B5D6 /* CryptoApp */ = {
			isa = PBXGroup;
			children = (
				18C581212B984C4300D2B5D6 /* CryptoApp */,
				18C581122B96F65700D2B5D6 /* Core */,
				18C5810F2B96F2AD00D2B5D6 /* Extention */,
				18C5811E2B98435100D2B5D6 /* Models */,
				18C581012B95F09400D2B5D6 /* ContentView.swift */,
				18C5810D2B96E95800D2B5D6 /* Assets.xcassets */,
				18C581052B95F09700D2B5D6 /* Preview Content */,
			);
			path = CryptoApp;
			sourceTree = "<group>";
		};
		18C581052B95F09700D2B5D6 /* Preview Content */ = {
			isa = PBXGroup;
			children = (
				18C581062B95F09700D2B5D6 /* Preview Assets.xcassets */,
			);
			path = "Preview Content";
			sourceTree = "<group>";
		};
		18C5810F2B96F2AD00D2B5D6 /* Extention */ = {
			isa = PBXGroup;
			children = (
				18C581102B96F2BC00D2B5D6 /* Color.swift */,
				18C581242B9AF42C00D2B5D6 /* PreviewProvider.swift */,
				18C581262B9B0D0500D2B5D6 /* Double.swift */,
			);
			path = Extention;
			sourceTree = "<group>";
		};
		18C581122B96F65700D2B5D6 /* Core */ = {
			isa = PBXGroup;
			children = (
				18C581182B96F7C700D2B5D6 /* Components */,
				18C581132B96F65F00D2B5D6 /* Home */,
			);
			path = Core;
			sourceTree = "<group>";
		};
		18C581132B96F65F00D2B5D6 /* Home */ = {
			isa = PBXGroup;
			children = (
				18C581152B96F66D00D2B5D6 /* ViewModels */,
				18C581142B96F66700D2B5D6 /* Views */,
			);
			path = Home;
			sourceTree = "<group>";
		};
		18C581142B96F66700D2B5D6 /* Views */ = {
			isa = PBXGroup;
			children = (
				18C581162B96F67A00D2B5D6 /* HomeView.swift */,
				18C581222B9AF34600D2B5D6 /* CoinRowView.swift */,
			);
			path = Views;
			sourceTree = "<group>";
		};
		18C581152B96F66D00D2B5D6 /* ViewModels */ = {
			isa = PBXGroup;
			children = (
				18C581282B9B27E900D2B5D6 /* HomeViewModel.swift */,
			);
			path = ViewModels;
			sourceTree = "<group>";
		};
		18C581182B96F7C700D2B5D6 /* Components */ = {
			isa = PBXGroup;
			children = (
				18C581192B96F7CF00D2B5D6 /* Circle button */,
			);
			path = Components;
			sourceTree = "<group>";
		};
		18C581192B96F7CF00D2B5D6 /* Circle button */ = {
			isa = PBXGroup;
			children = (
				18C5811A2B96F7E100D2B5D6 /* CircleButtonView.swift */,
				18C5811C2B96FFE800D2B5D6 /* CircleButtonAnimationView.swift */,
			);
			path = "Circle button";
			sourceTree = "<group>";
		};
		18C5811E2B98435100D2B5D6 /* Models */ = {
			isa = PBXGroup;
			children = (
				18C5811F2B98435D00D2B5D6 /* CoinModel.swift */,
			);
			path = Models;
			sourceTree = "<group>";
		};
		18C581212B984C4300D2B5D6 /* CryptoApp */ = {
			isa = PBXGroup;
			children = (
				18C580FF2B95F09400D2B5D6 /* CryptoAppApp.swift */,
			);
			path = CryptoApp;
			sourceTree = "<group>";
		};
/* End PBXGroup section */

/* Begin PBXNativeTarget section */
		18C580FB2B95F09400D2B5D6 /* CryptoApp */ = {
			isa = PBXNativeTarget;
			buildConfigurationList = 18C5810A2B95F09700D2B5D6 /* Build configuration list for PBXNativeTarget "CryptoApp" */;
			buildPhases = (
				18C580F82B95F09400D2B5D6 /* Sources */,
				18C580F92B95F09400D2B5D6 /* Frameworks */,
				18C580FA2B95F09400D2B5D6 /* Resources */,
			);
			buildRules = (
			);
			dependencies = (
			);
			name = CryptoApp;
			productName = CryptoApp;
			productReference = 18C580FC2B95F09400D2B5D6 /* CryptoApp.app */;
			productType = "com.apple.product-type.application";
		};
/* End PBXNativeTarget section */

/* Begin PBXProject section */
		18C580F42B95F09400D2B5D6 /* Project object */ = {
			isa = PBXProject;
			attributes = {
				BuildIndependentTargetsInParallel = 1;
				LastSwiftUpdateCheck = 1520;
				LastUpgradeCheck = 1520;
				TargetAttributes = {
					18C580FB2B95F09400D2B5D6 = {
						CreatedOnToolsVersion = 15.2;
					};
				};
			};
			buildConfigurationList = 18C580F72B95F09400D2B5D6 /* Build configuration list for PBXProject "CryptoApp" */;
			compatibilityVersion = "Xcode 14.0";
			developmentRegion = en;
			hasScannedForEncodings = 0;
			knownRegions = (
				en,
				Base,
			);
			mainGroup = 18C580F32B95F09400D2B5D6;
			productRefGroup = 18C580FD2B95F09400D2B5D6 /* Products */;
			projectDirPath = "";
			projectRoot = "";
			targets = (
				18C580FB2B95F09400D2B5D6 /* CryptoApp */,
			);
		};
/* End PBXProject section */

/* Begin PBXResourcesBuildPhase section */
		18C580FA2B95F09400D2B5D6 /* Resources */ = {
			isa = PBXResourcesBuildPhase;
			buildActionMask = 2147483647;
			files = (
				18C581072B95F09700D2B5D6 /* Preview Assets.xcassets in Resources */,
				18C5810E2B96E95800D2B5D6 /* Assets.xcassets in Resources */,
			);
			runOnlyForDeploymentPostprocessing = 0;
		};
/* End PBXResourcesBuildPhase section */

/* Begin PBXSourcesBuildPhase section */
		18C580F82B95F09400D2B5D6 /* Sources */ = {
			isa = PBXSourcesBuildPhase;
			buildActionMask = 2147483647;
			files = (
				18C581232B9AF34600D2B5D6 /* CoinRowView.swift in Sources */,
				18C581292B9B27E900D2B5D6 /* HomeViewModel.swift in Sources */,
				18C581252B9AF42C00D2B5D6 /* PreviewProvider.swift in Sources */,
				18C581022B95F09400D2B5D6 /* ContentView.swift in Sources */,
				18C581172B96F67A00D2B5D6 /* HomeView.swift in Sources */,
				18C581002B95F09400D2B5D6 /* CryptoAppApp.swift in Sources */,
				18C5811B2B96F7E100D2B5D6 /* CircleButtonView.swift in Sources */,
				18C581112B96F2BC00D2B5D6 /* Color.swift in Sources */,
				18C5811D2B96FFE800D2B5D6 /* CircleButtonAnimationView.swift in Sources */,
				18C581272B9B0D0500D2B5D6 /* Double.swift in Sources */,
				18C581202B98435D00D2B5D6 /* CoinModel.swift in Sources */,
			);
			runOnlyForDeploymentPostprocessing = 0;
		};
/* End PBXSourcesBuildPhase section */

/* Begin XCBuildConfiguration section */
		18C581082B95F09700D2B5D6 /* Debug */ = {
			isa = XCBuildConfiguration;
			buildSettings = {
				ALWAYS_SEARCH_USER_PATHS = NO;
				ASSETCATALOG_COMPILER_GENERATE_SWIFT_ASSET_SYMBOL_EXTENSIONS = YES;
				CLANG_ANALYZER_NONNULL = YES;
				CLANG_ANALYZER_NUMBER_OBJECT_CONVERSION = YES_AGGRESSIVE;
				CLANG_CXX_LANGUAGE_STANDARD = "gnu++20";
				CLANG_ENABLE_MODULES = YES;
				CLANG_ENABLE_OBJC_ARC = YES;
				CLANG_ENABLE_OBJC_WEAK = YES;
				CLANG_WARN_BLOCK_CAPTURE_AUTORELEASING = YES;
				CLANG_WARN_BOOL_CONVERSION = YES;
				CLANG_WARN_COMMA = YES;
				CLANG_WARN_CONSTANT_CONVERSION = YES;
				CLANG_WARN_DEPRECATED_OBJC_IMPLEMENTATIONS = YES;
				CLANG_WARN_DIRECT_OBJC_ISA_USAGE = YES_ERROR;
				CLANG_WARN_DOCUMENTATION_COMMENTS = YES;
				CLANG_WARN_EMPTY_BODY = YES;
				CLANG_WARN_ENUM_CONVERSION = YES;
				CLANG_WARN_INFINITE_RECURSION = YES;
				CLANG_WARN_INT_CONVERSION = YES;
				CLANG_WARN_NON_LITERAL_NULL_CONVERSION = YES;
				CLANG_WARN_OBJC_IMPLICIT_RETAIN_SELF = YES;
				CLANG_WARN_OBJC_LITERAL_CONVERSION = YES;
				CLANG_WARN_OBJC_ROOT_CLASS = YES_ERROR;
				CLANG_WARN_QUOTED_INCLUDE_IN_FRAMEWORK_HEADER = YES;
				CLANG_WARN_RANGE_LOOP_ANALYSIS = YES;
				CLANG_WARN_STRICT_PROTOTYPES = YES;
				CLANG_WARN_SUSPICIOUS_MOVE = YES;
				CLANG_WARN_UNGUARDED_AVAILABILITY = YES_AGGRESSIVE;
				CLANG_WARN_UNREACHABLE_CODE = YES;
				CLANG_WARN__DUPLICATE_METHOD_MATCH = YES;
				COPY_PHASE_STRIP = NO;
				DEBUG_INFORMATION_FORMAT = dwarf;
				ENABLE_STRICT_OBJC_MSGSEND = YES;
				ENABLE_TESTABILITY = YES;
				ENABLE_USER_SCRIPT_SANDBOXING = YES;
				GCC_C_LANGUAGE_STANDARD = gnu17;
				GCC_DYNAMIC_NO_PIC = NO;
				GCC_NO_COMMON_BLOCKS = YES;
				GCC_OPTIMIZATION_LEVEL = 0;
				GCC_PREPROCESSOR_DEFINITIONS = (
					"DEBUG=1",
					"$(inherited)",
				);
				GCC_WARN_64_TO_32_BIT_CONVERSION = YES;
				GCC_WARN_ABOUT_RETURN_TYPE = YES_ERROR;
				GCC_WARN_UNDECLARED_SELECTOR = YES;
				GCC_WARN_UNINITIALIZED_AUTOS = YES_AGGRESSIVE;
				GCC_WARN_UNUSED_FUNCTION = YES;
				GCC_WARN_UNUSED_VARIABLE = YES;
				IPHONEOS_DEPLOYMENT_TARGET = 17.2;
				LOCALIZATION_PREFERS_STRING_CATALOGS = YES;
				MTL_ENABLE_DEBUG_INFO = INCLUDE_SOURCE;
				MTL_FAST_MATH = YES;
				ONLY_ACTIVE_ARCH = YES;
				SDKROOT = iphoneos;
				SWIFT_ACTIVE_COMPILATION_CONDITIONS = "DEBUG $(inherited)";
				SWIFT_OPTIMIZATION_LEVEL = "-Onone";
			};
			name = Debug;
		};
		18C581092B95F09700D2B5D6 /* Release */ = {
			isa = XCBuildConfiguration;
			buildSettings = {
				ALWAYS_SEARCH_USER_PATHS = NO;
				ASSETCATALOG_COMPILER_GENERATE_SWIFT_ASSET_SYMBOL_EXTENSIONS = YES;
				CLANG_ANALYZER_NONNULL = YES;
				CLANG_ANALYZER_NUMBER_OBJECT_CONVERSION = YES_AGGRESSIVE;
				CLANG_CXX_LANGUAGE_STANDARD = "gnu++20";
				CLANG_ENABLE_MODULES = YES;
				CLANG_ENABLE_OBJC_ARC = YES;
				CLANG_ENABLE_OBJC_WEAK = YES;
				CLANG_WARN_BLOCK_CAPTURE_AUTORELEASING = YES;
				CLANG_WARN_BOOL_CONVERSION = YES;
				CLANG_WARN_COMMA = YES;
				CLANG_WARN_CONSTANT_CONVERSION = YES;
				CLANG_WARN_DEPRECATED_OBJC_IMPLEMENTATIONS = YES;
				CLANG_WARN_DIRECT_OBJC_ISA_USAGE = YES_ERROR;
				CLANG_WARN_DOCUMENTATION_COMMENTS = YES;
				CLANG_WARN_EMPTY_BODY = YES;
				CLANG_WARN_ENUM_CONVERSION = YES;
				CLANG_WARN_INFINITE_RECURSION = YES;
				CLANG_WARN_INT_CONVERSION = YES;
				CLANG_WARN_NON_LITERAL_NULL_CONVERSION = YES;
				CLANG_WARN_OBJC_IMPLICIT_RETAIN_SELF = YES;
				CLANG_WARN_OBJC_LITERAL_CONVERSION = YES;
				CLANG_WARN_OBJC_ROOT_CLASS = YES_ERROR;
				CLANG_WARN_QUOTED_INCLUDE_IN_FRAMEWORK_HEADER = YES;
				CLANG_WARN_RANGE_LOOP_ANALYSIS = YES;
				CLANG_WARN_STRICT_PROTOTYPES = YES;
				CLANG_WARN_SUSPICIOUS_MOVE = YES;
				CLANG_WARN_UNGUARDED_AVAILABILITY = YES_AGGRESSIVE;
				CLANG_WARN_UNREACHABLE_CODE = YES;
				CLANG_WARN__DUPLICATE_METHOD_MATCH = YES;
				COPY_PHASE_STRIP = NO;
				DEBUG_INFORMATION_FORMAT = "dwarf-with-dsym";
				ENABLE_NS_ASSERTIONS = NO;
				ENABLE_STRICT_OBJC_MSGSEND = YES;
				ENABLE_USER_SCRIPT_SANDBOXING = YES;
				GCC_C_LANGUAGE_STANDARD = gnu17;
				GCC_NO_COMMON_BLOCKS = YES;
				GCC_WARN_64_TO_32_BIT_CONVERSION = YES;
				GCC_WARN_ABOUT_RETURN_TYPE = YES_ERROR;
				GCC_WARN_UNDECLARED_SELECTOR = YES;
				GCC_WARN_UNINITIALIZED_AUTOS = YES_AGGRESSIVE;
				GCC_WARN_UNUSED_FUNCTION = YES;
				GCC_WARN_UNUSED_VARIABLE = YES;
				IPHONEOS_DEPLOYMENT_TARGET = 17.2;
				LOCALIZATION_PREFERS_STRING_CATALOGS = YES;
				MTL_ENABLE_DEBUG_INFO = NO;
				MTL_FAST_MATH = YES;
				SDKROOT = iphoneos;
				SWIFT_COMPILATION_MODE = wholemodule;
				VALIDATE_PRODUCT = YES;
			};
			name = Release;
		};
		18C5810B2B95F09700D2B5D6 /* Debug */ = {
			isa = XCBuildConfiguration;
			buildSettings = {
				ASSETCATALOG_COMPILER_APPICON_NAME = AppIcon;
				ASSETCATALOG_COMPILER_GLOBAL_ACCENT_COLOR_NAME = AccentColor;
				CODE_SIGN_STYLE = Automatic;
				CURRENT_PROJECT_VERSION = 1;
				DEVELOPMENT_ASSET_PATHS = "\"CryptoApp/Preview Content\"";
				DEVELOPMENT_TEAM = NS9ZWM6RGA;
				ENABLE_PREVIEWS = YES;
				GENERATE_INFOPLIST_FILE = YES;
				INFOPLIST_KEY_CFBundleDisplayName = "Crypto Tracker";
				INFOPLIST_KEY_UIApplicationSceneManifest_Generation = YES;
				INFOPLIST_KEY_UIApplicationSupportsIndirectInputEvents = YES;
				INFOPLIST_KEY_UILaunchScreen_Generation = YES;
				INFOPLIST_KEY_UISupportedInterfaceOrientations = UIInterfaceOrientationPortrait;
				INFOPLIST_KEY_UISupportedInterfaceOrientations_iPad = "UIInterfaceOrientationPortrait UIInterfaceOrientationPortraitUpsideDown";
				LD_RUNPATH_SEARCH_PATHS = (
					"$(inherited)",
					"@executable_path/Frameworks",
				);
				MARKETING_VERSION = 1.0;
				PRODUCT_BUNDLE_IDENTIFIER = khalmatov.dev.CryptoApp;
				PRODUCT_NAME = "$(TARGET_NAME)";
				SWIFT_EMIT_LOC_STRINGS = YES;
				SWIFT_VERSION = 5.0;
				TARGETED_DEVICE_FAMILY = "1,2";
			};
			name = Debug;
		};
		18C5810C2B95F09700D2B5D6 /* Release */ = {
			isa = XCBuildConfiguration;
			buildSettings = {
				ASSETCATALOG_COMPILER_APPICON_NAME = AppIcon;
				ASSETCATALOG_COMPILER_GLOBAL_ACCENT_COLOR_NAME = AccentColor;
				CODE_SIGN_STYLE = Automatic;
				CURRENT_PROJECT_VERSION = 1;
				DEVELOPMENT_ASSET_PATHS = "\"CryptoApp/Preview Content\"";
				DEVELOPMENT_TEAM = NS9ZWM6RGA;
				ENABLE_PREVIEWS = YES;
				GENERATE_INFOPLIST_FILE = YES;
				INFOPLIST_KEY_CFBundleDisplayName = "Crypto Tracker";
				INFOPLIST_KEY_UIApplicationSceneManifest_Generation = YES;
				INFOPLIST_KEY_UIApplicationSupportsIndirectInputEvents = YES;
				INFOPLIST_KEY_UILaunchScreen_Generation = YES;
				INFOPLIST_KEY_UISupportedInterfaceOrientations = UIInterfaceOrientationPortrait;
				INFOPLIST_KEY_UISupportedInterfaceOrientations_iPad = "UIInterfaceOrientationPortrait UIInterfaceOrientationPortraitUpsideDown";
				LD_RUNPATH_SEARCH_PATHS = (
					"$(inherited)",
					"@executable_path/Frameworks",
				);
				MARKETING_VERSION = 1.0;
				PRODUCT_BUNDLE_IDENTIFIER = khalmatov.dev.CryptoApp;
				PRODUCT_NAME = "$(TARGET_NAME)";
				SWIFT_EMIT_LOC_STRINGS = YES;
				SWIFT_VERSION = 5.0;
				TARGETED_DEVICE_FAMILY = "1,2";
			};
			name = Release;
		};
/* End XCBuildConfiguration section */

/* Begin XCConfigurationList section */
		18C580F72B95F09400D2B5D6 /* Build configuration list for PBXProject "CryptoApp" */ = {
			isa = XCConfigurationList;
			buildConfigurations = (
				18C581082B95F09700D2B5D6 /* Debug */,
				18C581092B95F09700D2B5D6 /* Release */,
			);
			defaultConfigurationIsVisible = 0;
			defaultConfigurationName = Release;
		};
		18C5810A2B95F09700D2B5D6 /* Build configuration list for PBXNativeTarget "CryptoApp" */ = {
			isa = XCConfigurationList;
			buildConfigurations = (
				18C5810B2B95F09700D2B5D6 /* Debug */,
				18C5810C2B95F09700D2B5D6 /* Release */,
			);
			defaultConfigurationIsVisible = 0;
			defaultConfigurationName = Release;
		};
/* End XCConfigurationList section */
	};
	rootObject = 18C580F42B95F09400D2B5D6 /* Project object */;
}
